
Microsoft Visual Studio Solution File, Format Version 12.00
# Visual Studio Version 17
VisualStudioVersion = 17.13.35825.156 d17.13
MinimumVisualStudioVersion = 10.0.40219.1
Project("{FAE04EC0-301F-11D3-BF4B-00C04F79EFBC}") = "HelloWorld", "HelloWorld\HelloWorld.csproj", "{107BC3C4-42D7-4274-A12B-06254211B4A6}"
EndProject
Global
	GlobalSection(SolutionConfigurationPlatforms) = preSolution
		Debug|Any CPU = Debug|Any CPU
		Release|Any CPU = Release|Any CPU
	EndGlobalSection
	GlobalSection(ProjectConfigurationPlatforms) = postSolution
		{107BC3C4-42D7-4274-A12B-06254211B4A6}.Debug|Any CPU.ActiveCfg = Debug|Any CPU
		{107BC3C4-42D7-4274-A12B-06254211B4A6}.Debug|Any CPU.Build.0 = Debug|Any CPU
		{107BC3C4-42D7-4274-A12B-06254211B4A6}.Release|Any CPU.ActiveCfg = Release|Any CPU
		{107BC3C4-42D7-4274-A12B-06254211B4A6}.Release|Any CPU.Build.0 = Release|Any CPU
	EndGlobalSection
	GlobalSection(SolutionProperties) = preSolution
		HideSolutionNode = FALSE
	EndGlobalSection
	GlobalSection(ExtensibilityGlobals) = postSolution
		SolutionGuid = {045FFE5B-CF3E-4B22-B2C8-3431DF3B76E4}
	EndGlobalSection
EndGlobal
